
Microsoft Visual Studio Solution File, Format Version 12.00
# Visual Studio Version 17
VisualStudioVersion = 17.0.31903.59
MinimumVisualStudioVersion = 10.0.40219.1
Project("{2150E333-8FDC-42A3-9474-1A3956D46DE8}") = "Identity", "Identity", "{22F240AA-F10D-439D-969E-1BFFB67D53D0}"
	ProjectSection(SolutionItems) = preProject
		Identity\docker-compose.yml = Identity\docker-compose.yml
	EndProjectSection
EndProject
Project("{FAE04EC0-301F-11D3-BF4B-00C04F79EFBC}") = "EventTix.Identity.Domain", "Identity\EventTix.Identity.Domain\EventTix.Identity.Domain.csproj", "{C280DD0B-8804-4B1A-AFD4-BD518A6E145E}"
EndProject
Project("{FAE04EC0-301F-11D3-BF4B-00C04F79EFBC}") = "EventTix.Identity.Infrastructure", "Identity\EventTix.Identity.Infrastructure\EventTix.Identity.Infrastructure.csproj", "{8046EF38-01F1-4D19-942B-AAAC5ADD5C1C}"
EndProject
Project("{FAE04EC0-301F-11D3-BF4B-00C04F79EFBC}") = "EventTix.Identity.Api", "Identity\EventTix.Identity.Api\EventTix.Identity.Api.csproj", "{68619775-6CF1-48FB-AB58-9C7D477EE262}"
EndProject
Project("{2150E333-8FDC-42A3-9474-1A3956D46DE8}") = "Events", "Events", "{D7C7C83B-01E5-4AFC-9D3D-BC4314E324C0}"
EndProject
Project("{FAE04EC0-301F-11D3-BF4B-00C04F79EFBC}") = "EventTix.Events.Api", "Events\EventTix.Events.Api\EventTix.Events.Api.csproj", "{7938AF76-B68A-49A5-8C15-7B8BF0053B43}"
EndProject
Project("{FAE04EC0-301F-11D3-BF4B-00C04F79EFBC}") = "EventTix.Events.Domain", "Events\EventTix.Events.Domain\EventTix.Events.Domain.csproj", "{7C8F7780-2B41-4051-8A3D-506D6E1CA431}"
EndProject
Project("{FAE04EC0-301F-11D3-BF4B-00C04F79EFBC}") = "EventTix.Events.Infrastructure", "Events\EventTix.Events.Infrastructure\EventTix.Events.Infrastructure.csproj", "{CBCC2BE5-BA01-4ECD-BB20-FBCE60DF4BB5}"
EndProject
Global
	GlobalSection(SolutionConfigurationPlatforms) = preSolution
		Debug|Any CPU = Debug|Any CPU
		Release|Any CPU = Release|Any CPU
	EndGlobalSection
	GlobalSection(SolutionProperties) = preSolution
		HideSolutionNode = FALSE
	EndGlobalSection
	GlobalSection(ProjectConfigurationPlatforms) = postSolution
		{C280DD0B-8804-4B1A-AFD4-BD518A6E145E}.Debug|Any CPU.ActiveCfg = Debug|Any CPU
		{C280DD0B-8804-4B1A-AFD4-BD518A6E145E}.Debug|Any CPU.Build.0 = Debug|Any CPU
		{C280DD0B-8804-4B1A-AFD4-BD518A6E145E}.Release|Any CPU.ActiveCfg = Release|Any CPU
		{C280DD0B-8804-4B1A-AFD4-BD518A6E145E}.Release|Any CPU.Build.0 = Release|Any CPU
		{8046EF38-01F1-4D19-942B-AAAC5ADD5C1C}.Debug|Any CPU.ActiveCfg = Debug|Any CPU
		{8046EF38-01F1-4D19-942B-AAAC5ADD5C1C}.Debug|Any CPU.Build.0 = Debug|Any CPU
		{8046EF38-01F1-4D19-942B-AAAC5ADD5C1C}.Release|Any CPU.ActiveCfg = Release|Any CPU
		{8046EF38-01F1-4D19-942B-AAAC5ADD5C1C}.Release|Any CPU.Build.0 = Release|Any CPU
		{68619775-6CF1-48FB-AB58-9C7D477EE262}.Debug|Any CPU.ActiveCfg = Debug|Any CPU
		{68619775-6CF1-48FB-AB58-9C7D477EE262}.Debug|Any CPU.Build.0 = Debug|Any CPU
		{68619775-6CF1-48FB-AB58-9C7D477EE262}.Release|Any CPU.ActiveCfg = Release|Any CPU
		{68619775-6CF1-48FB-AB58-9C7D477EE262}.Release|Any CPU.Build.0 = Release|Any CPU
		{7938AF76-B68A-49A5-8C15-7B8BF0053B43}.Debug|Any CPU.ActiveCfg = Debug|Any CPU
		{7938AF76-B68A-49A5-8C15-7B8BF0053B43}.Debug|Any CPU.Build.0 = Debug|Any CPU
		{7938AF76-B68A-49A5-8C15-7B8BF0053B43}.Release|Any CPU.ActiveCfg = Release|Any CPU
		{7938AF76-B68A-49A5-8C15-7B8BF0053B43}.Release|Any CPU.Build.0 = Release|Any CPU
		{7C8F7780-2B41-4051-8A3D-506D6E1CA431}.Debug|Any CPU.ActiveCfg = Debug|Any CPU
		{7C8F7780-2B41-4051-8A3D-506D6E1CA431}.Debug|Any CPU.Build.0 = Debug|Any CPU
		{7C8F7780-2B41-4051-8A3D-506D6E1CA431}.Release|Any CPU.ActiveCfg = Release|Any CPU
		{7C8F7780-2B41-4051-8A3D-506D6E1CA431}.Release|Any CPU.Build.0 = Release|Any CPU
		{CBCC2BE5-BA01-4ECD-BB20-FBCE60DF4BB5}.Debug|Any CPU.ActiveCfg = Debug|Any CPU
		{CBCC2BE5-BA01-4ECD-BB20-FBCE60DF4BB5}.Debug|Any CPU.Build.0 = Debug|Any CPU
		{CBCC2BE5-BA01-4ECD-BB20-FBCE60DF4BB5}.Release|Any CPU.ActiveCfg = Release|Any CPU
		{CBCC2BE5-BA01-4ECD-BB20-FBCE60DF4BB5}.Release|Any CPU.Build.0 = Release|Any CPU
	EndGlobalSection
	GlobalSection(NestedProjects) = preSolution
		{C280DD0B-8804-4B1A-AFD4-BD518A6E145E} = {22F240AA-F10D-439D-969E-1BFFB67D53D0}
		{8046EF38-01F1-4D19-942B-AAAC5ADD5C1C} = {22F240AA-F10D-439D-969E-1BFFB67D53D0}
		{68619775-6CF1-48FB-AB58-9C7D477EE262} = {22F240AA-F10D-439D-969E-1BFFB67D53D0}
		{7938AF76-B68A-49A5-8C15-7B8BF0053B43} = {D7C7C83B-01E5-4AFC-9D3D-BC4314E324C0}
		{7C8F7780-2B41-4051-8A3D-506D6E1CA431} = {D7C7C83B-01E5-4AFC-9D3D-BC4314E324C0}
		{CBCC2BE5-BA01-4ECD-BB20-FBCE60DF4BB5} = {D7C7C83B-01E5-4AFC-9D3D-BC4314E324C0}
	EndGlobalSection
EndGlobal
